<?xml version="1.0" encoding="utf-8"?>
<Project ToolsVersion="4.0" xmlns="http://schemas.microsoft.com/developer/msbuild/2003">
  <ItemGroup>
    <ClInclude Include="pch.h" />
    <ClInclude Include="vendor\simpleini\SimpleIni.h">
      <Filter>vendor\simpleini</Filter>
    </ClInclude>
    <ClInclude Include="src\plugin.h">
      <Filter>src</Filter>
    </ClInclude>
    <ClInclude Include="src\settings.h">
      <Filter>src</Filter>
    </ClInclude>
    <ClInclude Include="src\memory.h">
      <Filter>src</Filter>
    </ClInclude>
    <ClInclude Include="src\mod_sa_fix.h">
      <Filter>src</Filter>
    </ClInclude>
    <ClInclude Include="vendor\urmem\urmem.hpp">
      <Filter>vendor\urmem</Filter>
    </ClInclude>
  </ItemGroup>
  <ItemGroup>
    <ClCompile Include="pch.cpp" />
    <ClCompile Include="src\dllmain.cpp">
      <Filter>src</Filter>
    </ClCompile>
    <ClCompile Include="src\plugin.cpp">
      <Filter>src</Filter>
    </ClCompile>
    <ClCompile Include="src\settings.cpp">
      <Filter>src</Filter>
    </ClCompile>
    <ClCompile Include="src\memory.cpp">
      <Filter>src</Filter>
    </ClCompile>
    <ClCompile Include="src\mod_sa_fix.cpp">
      <Filter>src</Filter>
    </ClCompile>
  </ItemGroup>
  <ItemGroup>
    <Filter Include="src">
      <UniqueIdentifier>{9fa3014f-a9fd-49b9-9de6-784ac871edb1}</UniqueIdentifier>
    </Filter>
    <Filter Include="vendor">
      <UniqueIdentifier>{22a382c3-e79d-4b5e-b635-6877b04c8be9}</UniqueIdentifier>
    </Filter>
    <Filter Include="vendor\simpleini">
      <UniqueIdentifier>{3d677fa5-cdfd-4884-8494-f9450ec1b0a8}</UniqueIdentifier>
    </Filter>
    <Filter Include="vendor\urmem">
      <UniqueIdentifier>{fe4c4ea3-5795-4a98-826a-b2f1d7dbfeaf}</UniqueIdentifier>
    </Filter>
  </ItemGroup>
</Project>